
Microsoft Visual Studio Solution File, Format Version 12.00
# Visual Studio Version 16
VisualStudioVersion = 16.0.29613.14
MinimumVisualStudioVersion = 10.0.40219.1
Project("{9A19103F-16F7-4668-BE54-9A1E7A4F7556}") = "SmartschoolProject", "SmartschoolProject\SmartschoolProject.csproj", "{EE97975C-C8FF-41EA-AF9D-A3E4D39E261F}"
EndProject
Project("{9A19103F-16F7-4668-BE54-9A1E7A4F7556}") = "BankDomain", "Bank\BankDomain.csproj", "{C81AED4F-A153-42D0-9C7C-F6DE94EC3BFD}"
EndProject
Project("{9A19103F-16F7-4668-BE54-9A1E7A4F7556}") = "InventarisDomain", "InventarisDomain\InventarisDomain.csproj", "{74A44BDF-237A-47BB-A131-FF382379C792}"
EndProject
Project("{9A19103F-16F7-4668-BE54-9A1E7A4F7556}") = "DefaultDomain", "DefaultDomain\DefaultDomain.csproj", "{59012007-BBD4-4794-9DF1-8FE1D91E2F5E}"
EndProject
Project("{9A19103F-16F7-4668-BE54-9A1E7A4F7556}") = "DefaultDomainTests", "DefaultDomainTests\DefaultDomainTests.csproj", "{FD48184B-C4CC-48F7-B31D-37FB6329864E}"
EndProject
Project("{9A19103F-16F7-4668-BE54-9A1E7A4F7556}") = "WinkelDomain", "WinkelDomain\WinkelDomain.csproj", "{14511C20-47C0-4661-BE92-F74E1B69E650}"
EndProject
Global
	GlobalSection(SolutionConfigurationPlatforms) = preSolution
		Debug|Any CPU = Debug|Any CPU
		Release|Any CPU = Release|Any CPU
	EndGlobalSection
	GlobalSection(ProjectConfigurationPlatforms) = postSolution
		{EE97975C-C8FF-41EA-AF9D-A3E4D39E261F}.Debug|Any CPU.ActiveCfg = Debug|Any CPU
		{EE97975C-C8FF-41EA-AF9D-A3E4D39E261F}.Debug|Any CPU.Build.0 = Debug|Any CPU
		{EE97975C-C8FF-41EA-AF9D-A3E4D39E261F}.Release|Any CPU.ActiveCfg = Release|Any CPU
		{EE97975C-C8FF-41EA-AF9D-A3E4D39E261F}.Release|Any CPU.Build.0 = Release|Any CPU
		{C81AED4F-A153-42D0-9C7C-F6DE94EC3BFD}.Debug|Any CPU.ActiveCfg = Debug|Any CPU
		{C81AED4F-A153-42D0-9C7C-F6DE94EC3BFD}.Debug|Any CPU.Build.0 = Debug|Any CPU
		{C81AED4F-A153-42D0-9C7C-F6DE94EC3BFD}.Release|Any CPU.ActiveCfg = Release|Any CPU
		{C81AED4F-A153-42D0-9C7C-F6DE94EC3BFD}.Release|Any CPU.Build.0 = Release|Any CPU
		{74A44BDF-237A-47BB-A131-FF382379C792}.Debug|Any CPU.ActiveCfg = Debug|Any CPU
		{74A44BDF-237A-47BB-A131-FF382379C792}.Debug|Any CPU.Build.0 = Debug|Any CPU
		{74A44BDF-237A-47BB-A131-FF382379C792}.Release|Any CPU.ActiveCfg = Release|Any CPU
		{74A44BDF-237A-47BB-A131-FF382379C792}.Release|Any CPU.Build.0 = Release|Any CPU
		{59012007-BBD4-4794-9DF1-8FE1D91E2F5E}.Debug|Any CPU.ActiveCfg = Debug|Any CPU
		{59012007-BBD4-4794-9DF1-8FE1D91E2F5E}.Debug|Any CPU.Build.0 = Debug|Any CPU
		{59012007-BBD4-4794-9DF1-8FE1D91E2F5E}.Release|Any CPU.ActiveCfg = Release|Any CPU
		{59012007-BBD4-4794-9DF1-8FE1D91E2F5E}.Release|Any CPU.Build.0 = Release|Any CPU
		{FD48184B-C4CC-48F7-B31D-37FB6329864E}.Debug|Any CPU.ActiveCfg = Debug|Any CPU
		{FD48184B-C4CC-48F7-B31D-37FB6329864E}.Debug|Any CPU.Build.0 = Debug|Any CPU
		{FD48184B-C4CC-48F7-B31D-37FB6329864E}.Release|Any CPU.ActiveCfg = Release|Any CPU
		{FD48184B-C4CC-48F7-B31D-37FB6329864E}.Release|Any CPU.Build.0 = Release|Any CPU
		{14511C20-47C0-4661-BE92-F74E1B69E650}.Debug|Any CPU.ActiveCfg = Debug|Any CPU
		{14511C20-47C0-4661-BE92-F74E1B69E650}.Debug|Any CPU.Build.0 = Debug|Any CPU
		{14511C20-47C0-4661-BE92-F74E1B69E650}.Release|Any CPU.ActiveCfg = Release|Any CPU
		{14511C20-47C0-4661-BE92-F74E1B69E650}.Release|Any CPU.Build.0 = Release|Any CPU
	EndGlobalSection
	GlobalSection(SolutionProperties) = preSolution
		HideSolutionNode = FALSE
	EndGlobalSection
	GlobalSection(ExtensibilityGlobals) = postSolution
		SolutionGuid = {FAF8F365-4665-4DE0-A86E-80231C945368}
	EndGlobalSection
EndGlobal
