
Microsoft Visual Studio Solution File, Format Version 12.00
# Visual Studio Version 16
VisualStudioVersion = 16.0.29728.190
MinimumVisualStudioVersion = 10.0.40219.1
Project("{9A19103F-16F7-4668-BE54-9A1E7A4F7556}") = "SmartschoolProject", "SmartschoolProject\SmartschoolProject.csproj", "{6E013E56-324C-4397-8DF4-E5695284E61A}"
EndProject
Project("{9A19103F-16F7-4668-BE54-9A1E7A4F7556}") = "DefaultDomain", "DefaultDomain\DefaultDomain.csproj", "{7B0C6423-3316-4922-9BA2-80A93E99CC49}"
EndProject
Project("{9A19103F-16F7-4668-BE54-9A1E7A4F7556}") = "DefaultDomainTests", "DefaultDomainTests\DefaultDomainTests.csproj", "{9ED6CAC9-4B39-4E79-8064-E0DE2BED25C1}"
EndProject
Project("{9A19103F-16F7-4668-BE54-9A1E7A4F7556}") = "InventarisDomain", "InventarisDomain\InventarisDomain.csproj", "{A0B43B92-A3BC-48C0-A783-AB1AE3062826}"
EndProject
Project("{9A19103F-16F7-4668-BE54-9A1E7A4F7556}") = "InventarisDomainTests", "InventarisDomainTests\InventarisDomainTests.csproj", "{E4DBC8D8-9D5A-4886-A44C-11A59E4B37B5}"
EndProject
Project("{9A19103F-16F7-4668-BE54-9A1E7A4F7556}") = "WinkelDomain", "WinkelDomain\WinkelDomain.csproj", "{6E11C6CD-FA24-4086-9E59-F784433A0E7B}"
EndProject
Project("{9A19103F-16F7-4668-BE54-9A1E7A4F7556}") = "SchoolbalDomain", "SchoolbalDomain\SchoolbalDomain.csproj", "{E1FA08E5-E33E-42E6-8A6A-28990B295DAE}"
EndProject
Global
	GlobalSection(SolutionConfigurationPlatforms) = preSolution
		Debug|Any CPU = Debug|Any CPU
		Release|Any CPU = Release|Any CPU
	EndGlobalSection
	GlobalSection(ProjectConfigurationPlatforms) = postSolution
		{6E013E56-324C-4397-8DF4-E5695284E61A}.Debug|Any CPU.ActiveCfg = Debug|Any CPU
		{6E013E56-324C-4397-8DF4-E5695284E61A}.Debug|Any CPU.Build.0 = Debug|Any CPU
		{6E013E56-324C-4397-8DF4-E5695284E61A}.Release|Any CPU.ActiveCfg = Release|Any CPU
		{6E013E56-324C-4397-8DF4-E5695284E61A}.Release|Any CPU.Build.0 = Release|Any CPU
		{7B0C6423-3316-4922-9BA2-80A93E99CC49}.Debug|Any CPU.ActiveCfg = Debug|Any CPU
		{7B0C6423-3316-4922-9BA2-80A93E99CC49}.Debug|Any CPU.Build.0 = Debug|Any CPU
		{7B0C6423-3316-4922-9BA2-80A93E99CC49}.Release|Any CPU.ActiveCfg = Release|Any CPU
		{7B0C6423-3316-4922-9BA2-80A93E99CC49}.Release|Any CPU.Build.0 = Release|Any CPU
		{9ED6CAC9-4B39-4E79-8064-E0DE2BED25C1}.Debug|Any CPU.ActiveCfg = Debug|Any CPU
		{9ED6CAC9-4B39-4E79-8064-E0DE2BED25C1}.Debug|Any CPU.Build.0 = Debug|Any CPU
		{9ED6CAC9-4B39-4E79-8064-E0DE2BED25C1}.Release|Any CPU.ActiveCfg = Release|Any CPU
		{9ED6CAC9-4B39-4E79-8064-E0DE2BED25C1}.Release|Any CPU.Build.0 = Release|Any CPU
		{A0B43B92-A3BC-48C0-A783-AB1AE3062826}.Debug|Any CPU.ActiveCfg = Debug|Any CPU
		{A0B43B92-A3BC-48C0-A783-AB1AE3062826}.Debug|Any CPU.Build.0 = Debug|Any CPU
		{A0B43B92-A3BC-48C0-A783-AB1AE3062826}.Release|Any CPU.ActiveCfg = Release|Any CPU
		{A0B43B92-A3BC-48C0-A783-AB1AE3062826}.Release|Any CPU.Build.0 = Release|Any CPU
		{E4DBC8D8-9D5A-4886-A44C-11A59E4B37B5}.Debug|Any CPU.ActiveCfg = Debug|Any CPU
		{E4DBC8D8-9D5A-4886-A44C-11A59E4B37B5}.Debug|Any CPU.Build.0 = Debug|Any CPU
		{E4DBC8D8-9D5A-4886-A44C-11A59E4B37B5}.Release|Any CPU.ActiveCfg = Release|Any CPU
		{E4DBC8D8-9D5A-4886-A44C-11A59E4B37B5}.Release|Any CPU.Build.0 = Release|Any CPU
		{6E11C6CD-FA24-4086-9E59-F784433A0E7B}.Debug|Any CPU.ActiveCfg = Debug|Any CPU
		{6E11C6CD-FA24-4086-9E59-F784433A0E7B}.Debug|Any CPU.Build.0 = Debug|Any CPU
		{6E11C6CD-FA24-4086-9E59-F784433A0E7B}.Release|Any CPU.ActiveCfg = Release|Any CPU
		{6E11C6CD-FA24-4086-9E59-F784433A0E7B}.Release|Any CPU.Build.0 = Release|Any CPU
		{E1FA08E5-E33E-42E6-8A6A-28990B295DAE}.Debug|Any CPU.ActiveCfg = Debug|Any CPU
		{E1FA08E5-E33E-42E6-8A6A-28990B295DAE}.Debug|Any CPU.Build.0 = Debug|Any CPU
		{E1FA08E5-E33E-42E6-8A6A-28990B295DAE}.Release|Any CPU.ActiveCfg = Release|Any CPU
		{E1FA08E5-E33E-42E6-8A6A-28990B295DAE}.Release|Any CPU.Build.0 = Release|Any CPU
	EndGlobalSection
	GlobalSection(SolutionProperties) = preSolution
		HideSolutionNode = FALSE
	EndGlobalSection
	GlobalSection(ExtensibilityGlobals) = postSolution
		SolutionGuid = {F92915D7-40B3-4AA9-9503-C5350385971A}
	EndGlobalSection
EndGlobal
